github.com/kovey/debug-go v0.1.2 h1:YhHEql96SvoSs/IFSQDHXqxiVa0UV2iyUQBm+XPFHtU=
github.com/kovey/debug-go v0.1.2/go.mod h1:J88EXuunCnkLg62OEafQHDzkD2hq8r3Vi2Lkv+KHd9U=
github.com/kovey/pool v0.0.9 h1:iZ+MslndcV/h1a+z0jiOmZXuQ999M6UW+5HMMRm9isc=
github.com/kovey/pool v0.0.9/go.mod h1:Pf7Dtjwz3DhhIx94ZKMr+j6KKdDf+Ewd5EcAHq2VGTo=
