github.com/kovey/debug-go v0.0.5 h1:c81KNW/mganMHZOAj9n8FY1e9Zz203GwPNJCnpfsVRQ=
github.com/kovey/debug-go v0.0.5/go.mod h1:J88EXuunCnkLg62OEafQHDzkD2hq8r3Vi2Lkv+KHd9U=
github.com/kovey/pool v0.0.7 h1:ucHJj5tC9ERlUfzOTlupP1B4ggSL9ST6wdNnr3brUXA=
github.com/kovey/pool v0.0.7/go.mod h1:Pf7Dtjwz3DhhIx94ZKMr+j6KKdDf+Ewd5EcAHq2VGTo=
gopkg.in/check.v1 v0.0.0-20161208181325-20d25e280405 h1:yhCVgyC4o1eVCa2tZl7eS0r+SDo693bJlVdllGtEeKM=
gopkg.in/check.v1 v0.0.0-20161208181325-20d25e280405/go.mod h1:Co6ibVJAznAaIkqp8huTwlJQCZ016jof/cbN4VW5Yz0=
gopkg.in/yaml.v2 v2.4.0 h1:D8xgwECY7CYvx+Y2n4sBz93Jn9JRvxdiyyo8CTfuKaY=
gopkg.in/yaml.v2 v2.4.0/go.mod h1:RDklbk79AGWmwhnvt/jBztapEOGDOx6ZbXqjP6csGnQ=
